
Microsoft Visual Studio Solution File, Format Version 12.00
Project("{FAE04EC0-301F-11D3-BF4B-00C04F79EFBC}") = "Homework-track-API", "Homework-track-API\Homework-track-API.csproj", "{37FD5E68-F056-4373-8549-2279F64AE886}"
EndProject
Project("{2150E333-8FDC-42A3-9474-1A3956D46DE8}") = "Solution Items", "Solution Items", "{89583153-F214-4A5B-9F57-28CF4499C6E2}"
	ProjectSection(SolutionItems) = preProject
		docker-compose.yml = docker-compose.yml
	EndProjectSection
EndProject
Global
	GlobalSection(SolutionConfigurationPlatforms) = preSolution
		Debug|Any CPU = Debug|Any CPU
		Release|Any CPU = Release|Any CPU
	EndGlobalSection
	GlobalSection(ProjectConfigurationPlatforms) = postSolution
		{37FD5E68-F056-4373-8549-2279F64AE886}.Debug|Any CPU.ActiveCfg = Debug|Any CPU
		{37FD5E68-F056-4373-8549-2279F64AE886}.Debug|Any CPU.Build.0 = Debug|Any CPU
		{37FD5E68-F056-4373-8549-2279F64AE886}.Release|Any CPU.ActiveCfg = Release|Any CPU
		{37FD5E68-F056-4373-8549-2279F64AE886}.Release|Any CPU.Build.0 = Release|Any CPU
	EndGlobalSection
EndGlobal
